
Microsoft Visual Studio Solution File, Format Version 12.00
# Visual Studio Version 16
VisualStudioVersion = 16.0.30717.126
MinimumVisualStudioVersion = 10.0.40219.1
Project("{FAE04EC0-301F-11D3-BF4B-00C04F79EFBC}") = "Block4", "Block4\Block4.csproj", "{02E5B0BB-1038-4A01-9998-E37366CA9143}"
EndProject
Global
	GlobalSection(SolutionConfigurationPlatforms) = preSolution
		Debug|Any CPU = Debug|Any CPU
		Release|Any CPU = Release|Any CPU
	EndGlobalSection
	GlobalSection(ProjectConfigurationPlatforms) = postSolution
		{02E5B0BB-1038-4A01-9998-E37366CA9143}.Debug|Any CPU.ActiveCfg = Debug|Any CPU
		{02E5B0BB-1038-4A01-9998-E37366CA9143}.Debug|Any CPU.Build.0 = Debug|Any CPU
		{02E5B0BB-1038-4A01-9998-E37366CA9143}.Release|Any CPU.ActiveCfg = Release|Any CPU
		{02E5B0BB-1038-4A01-9998-E37366CA9143}.Release|Any CPU.Build.0 = Release|Any CPU
	EndGlobalSection
	GlobalSection(SolutionProperties) = preSolution
		HideSolutionNode = FALSE
	EndGlobalSection
	GlobalSection(ExtensibilityGlobals) = postSolution
		SolutionGuid = {F5E47434-D313-48DA-967A-26FF5147B172}
	EndGlobalSection
EndGlobal
