
Microsoft Visual Studio Solution File, Format Version 12.00
# Visual Studio Version 16
VisualStudioVersion = 16.0.30717.126
MinimumVisualStudioVersion = 10.0.40219.1
Project("{FAE04EC0-301F-11D3-BF4B-00C04F79EFBC}") = "Block1", "Block1\Block1.csproj", "{734AB910-FF56-4654-ACAC-A1BD278E40C4}"
EndProject
Global
	GlobalSection(SolutionConfigurationPlatforms) = preSolution
		Debug|Any CPU = Debug|Any CPU
		Release|Any CPU = Release|Any CPU
	EndGlobalSection
	GlobalSection(ProjectConfigurationPlatforms) = postSolution
		{734AB910-FF56-4654-ACAC-A1BD278E40C4}.Debug|Any CPU.ActiveCfg = Debug|Any CPU
		{734AB910-FF56-4654-ACAC-A1BD278E40C4}.Debug|Any CPU.Build.0 = Debug|Any CPU
		{734AB910-FF56-4654-ACAC-A1BD278E40C4}.Release|Any CPU.ActiveCfg = Release|Any CPU
		{734AB910-FF56-4654-ACAC-A1BD278E40C4}.Release|Any CPU.Build.0 = Release|Any CPU
	EndGlobalSection
	GlobalSection(SolutionProperties) = preSolution
		HideSolutionNode = FALSE
	EndGlobalSection
	GlobalSection(ExtensibilityGlobals) = postSolution
		SolutionGuid = {BB8E9C6E-163C-4DE2-9810-0DD9C80F2883}
	EndGlobalSection
EndGlobal
